// !$*UTF8*$!
{
	archiveVersion = 1;
	classes = {
	};
	objectVersion = 46;
	objects = {

/* Begin PBXBuildFile section */
		2B1FC75E1959295F00A1C6DA /* Foundation.framework in Frameworks */ = {isa = PBXBuildFile; fileRef = 2B1FC75D1959295F00A1C6DA /* Foundation.framework */; };
		2B1FC7601959295F00A1C6DA /* CoreGraphics.framework in Frameworks */ = {isa = PBXBuildFile; fileRef = 2B1FC75F1959295F00A1C6DA /* CoreGraphics.framework */; };
		2B1FC7621959295F00A1C6DA /* UIKit.framework in Frameworks */ = {isa = PBXBuildFile; fileRef = 2B1FC7611959295F00A1C6DA /* UIKit.framework */; };
		2B1FC7681959295F00A1C6DA /* InfoPlist.strings in Resources */ = {isa = PBXBuildFile; fileRef = 2B1FC7661959295F00A1C6DA /* InfoPlist.strings */; };
		2B1FC76A1959295F00A1C6DA /* main.m in Sources */ = {isa = PBXBuildFile; fileRef = 2B1FC7691959295F00A1C6DA /* main.m */; };
		2B1FC76E1959295F00A1C6DA /* AppDelegate.m in Sources */ = {isa = PBXBuildFile; fileRef = 2B1FC76D1959295F00A1C6DA /* AppDelegate.m */; };
		2B1FC78E19592A3B00A1C6DA /* Reachability.m in Sources */ = {isa = PBXBuildFile; fileRef = 2B1FC78D19592A3B00A1C6DA /* Reachability.m */; settings = {COMPILER_FLAGS = "-fno-objc-arc"; }; };
		2B1FC79519592A7B00A1C6DA /* Movie.m in Sources */ = {isa = PBXBuildFile; fileRef = 2B1FC79419592A7B00A1C6DA /* Movie.m */; };
		2B1FC79819592A8A00A1C6DA /* TableViewController.m in Sources */ = {isa = PBXBuildFile; fileRef = 2B1FC79719592A8A00A1C6DA /* TableViewController.m */; settings = {COMPILER_FLAGS = "-fno-objc-arc"; }; };
		2B1FC79A19592AB800A1C6DA /* MainStoryboard.storyboard in Resources */ = {isa = PBXBuildFile; fileRef = 2B1FC79919592AB800A1C6DA /* MainStoryboard.storyboard */; };
		2B1FC7B919592BD600A1C6DA /* libz.dylib in Frameworks */ = {isa = PBXBuildFile; fileRef = 2B1FC7B819592BD600A1C6DA /* libz.dylib */; };
		2B1FC7BB19592BDE00A1C6DA /* CFNetwork.framework in Frameworks */ = {isa = PBXBuildFile; fileRef = 2B1FC7BA19592BDE00A1C6DA /* CFNetwork.framework */; };
		2B1FC7BD19592BF000A1C6DA /* MobileCoreServices.framework in Frameworks */ = {isa = PBXBuildFile; fileRef = 2B1FC7BC19592BF000A1C6DA /* MobileCoreServices.framework */; };
		6AC44AAE1A8AF267005A62DE /* FLTDataManager.m in Sources */ = {isa = PBXBuildFile; fileRef = 6AC44AAD1A8AF267005A62DE /* FLTDataManager.m */; };
		6AC44AB11A8AFBF7005A62DE /* MovieTableViewCell.m in Sources */ = {isa = PBXBuildFile; fileRef = 6AC44AB01A8AFBF7005A62DE /* MovieTableViewCell.m */; };
		A53233A9C12ED8EA6AA3B06D /* libPods.a in Frameworks */ = {isa = PBXBuildFile; fileRef = 7A6964E54D8DE55C5D24B4B7 /* libPods.a */; };
/* End PBXBuildFile section */

/* Begin PBXFileReference section */
		146ED5AE64FDF88BF98F9A99 /* Pods.release.xcconfig */ = {isa = PBXFileReference; includeInIndex = 1; lastKnownFileType = text.xcconfig; name = Pods.release.xcconfig; path = "Pods/Target Support Files/Pods/Pods.release.xcconfig"; sourceTree = "<group>"; };
		2B1FC75A1959295F00A1C6DA /* FLTest.app */ = {isa = PBXFileReference; explicitFileType = wrapper.application; includeInIndex = 0; path = FLTest.app; sourceTree = BUILT_PRODUCTS_DIR; };
		2B1FC75D1959295F00A1C6DA /* Foundation.framework */ = {isa = PBXFileReference; lastKnownFileType = wrapper.framework; name = Foundation.framework; path = System/Library/Frameworks/Foundation.framework; sourceTree = SDKROOT; };
		2B1FC75F1959295F00A1C6DA /* CoreGraphics.framework */ = {isa = PBXFileReference; lastKnownFileType = wrapper.framework; name = CoreGraphics.framework; path = System/Library/Frameworks/CoreGraphics.framework; sourceTree = SDKROOT; };
		2B1FC7611959295F00A1C6DA /* UIKit.framework */ = {isa = PBXFileReference; lastKnownFileType = wrapper.framework; name = UIKit.framework; path = System/Library/Frameworks/UIKit.framework; sourceTree = SDKROOT; };
		2B1FC7651959295F00A1C6DA /* FLTest-Info.plist */ = {isa = PBXFileReference; lastKnownFileType = text.plist.xml; path = "FLTest-Info.plist"; sourceTree = "<group>"; };
		2B1FC7671959295F00A1C6DA /* en */ = {isa = PBXFileReference; lastKnownFileType = text.plist.strings; name = en; path = en.lproj/InfoPlist.strings; sourceTree = "<group>"; };
		2B1FC7691959295F00A1C6DA /* main.m */ = {isa = PBXFileReference; lastKnownFileType = sourcecode.c.objc; path = main.m; sourceTree = "<group>"; };
		2B1FC76B1959295F00A1C6DA /* FLTest-Prefix.pch */ = {isa = PBXFileReference; lastKnownFileType = sourcecode.c.h; path = "FLTest-Prefix.pch"; sourceTree = "<group>"; };
		2B1FC76C1959295F00A1C6DA /* AppDelegate.h */ = {isa = PBXFileReference; lastKnownFileType = sourcecode.c.h; path = AppDelegate.h; sourceTree = "<group>"; };
		2B1FC76D1959295F00A1C6DA /* AppDelegate.m */ = {isa = PBXFileReference; lastKnownFileType = sourcecode.c.objc; path = AppDelegate.m; sourceTree = "<group>"; };
		2B1FC7761959295F00A1C6DA /* XCTest.framework */ = {isa = PBXFileReference; lastKnownFileType = wrapper.framework; name = XCTest.framework; path = Library/Frameworks/XCTest.framework; sourceTree = DEVELOPER_DIR; };
		2B1FC78C19592A3B00A1C6DA /* Reachability.h */ = {isa = PBXFileReference; fileEncoding = 4; lastKnownFileType = sourcecode.c.h; path = Reachability.h; sourceTree = "<group>"; };
		2B1FC78D19592A3B00A1C6DA /* Reachability.m */ = {isa = PBXFileReference; fileEncoding = 4; lastKnownFileType = sourcecode.c.objc; path = Reachability.m; sourceTree = "<group>"; };
		2B1FC79319592A7B00A1C6DA /* Movie.h */ = {isa = PBXFileReference; fileEncoding = 4; lastKnownFileType = sourcecode.c.h; path = Movie.h; sourceTree = "<group>"; };
		2B1FC79419592A7B00A1C6DA /* Movie.m */ = {isa = PBXFileReference; fileEncoding = 4; lastKnownFileType = sourcecode.c.objc; path = Movie.m; sourceTree = "<group>"; };
		2B1FC79619592A8A00A1C6DA /* TableViewController.h */ = {isa = PBXFileReference; fileEncoding = 4; lastKnownFileType = sourcecode.c.h; path = TableViewController.h; sourceTree = "<group>"; };
		2B1FC79719592A8A00A1C6DA /* TableViewController.m */ = {isa = PBXFileReference; fileEncoding = 4; lastKnownFileType = sourcecode.c.objc; path = TableViewController.m; sourceTree = "<group>"; };
		2B1FC79919592AB800A1C6DA /* MainStoryboard.storyboard */ = {isa = PBXFileReference; fileEncoding = 4; lastKnownFileType = file.storyboard; path = MainStoryboard.storyboard; sourceTree = "<group>"; };
		2B1FC7B819592BD600A1C6DA /* libz.dylib */ = {isa = PBXFileReference; lastKnownFileType = "compiled.mach-o.dylib"; name = libz.dylib; path = usr/lib/libz.dylib; sourceTree = SDKROOT; };
		2B1FC7BA19592BDE00A1C6DA /* CFNetwork.framework */ = {isa = PBXFileReference; lastKnownFileType = wrapper.framework; name = CFNetwork.framework; path = System/Library/Frameworks/CFNetwork.framework; sourceTree = SDKROOT; };
		2B1FC7BC19592BF000A1C6DA /* MobileCoreServices.framework */ = {isa = PBXFileReference; lastKnownFileType = wrapper.framework; name = MobileCoreServices.framework; path = System/Library/Frameworks/MobileCoreServices.framework; sourceTree = SDKROOT; };
		6AC44AAC1A8AF267005A62DE /* FLTDataManager.h */ = {isa = PBXFileReference; fileEncoding = 4; lastKnownFileType = sourcecode.c.h; path = FLTDataManager.h; sourceTree = "<group>"; };
		6AC44AAD1A8AF267005A62DE /* FLTDataManager.m */ = {isa = PBXFileReference; fileEncoding = 4; lastKnownFileType = sourcecode.c.objc; path = FLTDataManager.m; sourceTree = "<group>"; };
		6AC44AAF1A8AFBF7005A62DE /* MovieTableViewCell.h */ = {isa = PBXFileReference; fileEncoding = 4; lastKnownFileType = sourcecode.c.h; path = MovieTableViewCell.h; sourceTree = "<group>"; };
		6AC44AB01A8AFBF7005A62DE /* MovieTableViewCell.m */ = {isa = PBXFileReference; fileEncoding = 4; lastKnownFileType = sourcecode.c.objc; path = MovieTableViewCell.m; sourceTree = "<group>"; };
		7A6964E54D8DE55C5D24B4B7 /* libPods.a */ = {isa = PBXFileReference; explicitFileType = archive.ar; includeInIndex = 0; path = libPods.a; sourceTree = BUILT_PRODUCTS_DIR; };
		D35985EC6C2922D655C3598B /* Pods.debug.xcconfig */ = {isa = PBXFileReference; includeInIndex = 1; lastKnownFileType = text.xcconfig; name = Pods.debug.xcconfig; path = "Pods/Target Support Files/Pods/Pods.debug.xcconfig"; sourceTree = "<group>"; };
/* End PBXFileReference section */

/* Begin PBXFrameworksBuildPhase section */
		2B1FC7571959295F00A1C6DA /* Frameworks */ = {
			isa = PBXFrameworksBuildPhase;
			buildActionMask = 2147483647;
			files = (
				2B1FC7BD19592BF000A1C6DA /* MobileCoreServices.framework in Frameworks */,
				2B1FC7601959295F00A1C6DA /* CoreGraphics.framework in Frameworks */,
				2B1FC7BB19592BDE00A1C6DA /* CFNetwork.framework in Frameworks */,
				2B1FC7B919592BD600A1C6DA /* libz.dylib in Frameworks */,
				2B1FC7621959295F00A1C6DA /* UIKit.framework in Frameworks */,
				2B1FC75E1959295F00A1C6DA /* Foundation.framework in Frameworks */,
				A53233A9C12ED8EA6AA3B06D /* libPods.a in Frameworks */,
			);
			runOnlyForDeploymentPostprocessing = 0;
		};
/* End PBXFrameworksBuildPhase section */

/* Begin PBXGroup section */
		2B1FC7511959295F00A1C6DA = {
			isa = PBXGroup;
			children = (
				2B1FC7631959295F00A1C6DA /* FLTest */,
				2B1FC75C1959295F00A1C6DA /* Frameworks */,
				2B1FC75B1959295F00A1C6DA /* Products */,
				D800D0CFFA28765E4C79E00C /* Pods */,
			);
			sourceTree = "<group>";
		};
		2B1FC75B1959295F00A1C6DA /* Products */ = {
			isa = PBXGroup;
			children = (
				2B1FC75A1959295F00A1C6DA /* FLTest.app */,
			);
			name = Products;
			sourceTree = "<group>";
		};
		2B1FC75C1959295F00A1C6DA /* Frameworks */ = {
			isa = PBXGroup;
			children = (
				2B1FC7BC19592BF000A1C6DA /* MobileCoreServices.framework */,
				2B1FC7BA19592BDE00A1C6DA /* CFNetwork.framework */,
				2B1FC7B819592BD600A1C6DA /* libz.dylib */,
				2B1FC75D1959295F00A1C6DA /* Foundation.framework */,
				2B1FC75F1959295F00A1C6DA /* CoreGraphics.framework */,
				2B1FC7611959295F00A1C6DA /* UIKit.framework */,
				2B1FC7761959295F00A1C6DA /* XCTest.framework */,
				7A6964E54D8DE55C5D24B4B7 /* libPods.a */,
			);
			name = Frameworks;
			sourceTree = "<group>";
		};
		2B1FC7631959295F00A1C6DA /* FLTest */ = {
			isa = PBXGroup;
			children = (
				2B1FC79919592AB800A1C6DA /* MainStoryboard.storyboard */,
				2B1FC79619592A8A00A1C6DA /* TableViewController.h */,
				2B1FC79719592A8A00A1C6DA /* TableViewController.m */,
				2B1FC79319592A7B00A1C6DA /* Movie.h */,
				2B1FC79419592A7B00A1C6DA /* Movie.m */,
				2B1FC78C19592A3B00A1C6DA /* Reachability.h */,
				2B1FC78D19592A3B00A1C6DA /* Reachability.m */,
				6AC44AAC1A8AF267005A62DE /* FLTDataManager.h */,
				6AC44AAD1A8AF267005A62DE /* FLTDataManager.m */,
				2B1FC76C1959295F00A1C6DA /* AppDelegate.h */,
				2B1FC76D1959295F00A1C6DA /* AppDelegate.m */,
				2B1FC7641959295F00A1C6DA /* Supporting Files */,
				6AC44AAF1A8AFBF7005A62DE /* MovieTableViewCell.h */,
				6AC44AB01A8AFBF7005A62DE /* MovieTableViewCell.m */,
			);
			path = FLTest;
			sourceTree = "<group>";
		};
		2B1FC7641959295F00A1C6DA /* Supporting Files */ = {
			isa = PBXGroup;
			children = (
				2B1FC7651959295F00A1C6DA /* FLTest-Info.plist */,
				2B1FC7661959295F00A1C6DA /* InfoPlist.strings */,
				2B1FC7691959295F00A1C6DA /* main.m */,
				2B1FC76B1959295F00A1C6DA /* FLTest-Prefix.pch */,
			);
			name = "Supporting Files";
			sourceTree = "<group>";
		};
		D800D0CFFA28765E4C79E00C /* Pods */ = {
			isa = PBXGroup;
			children = (
				D35985EC6C2922D655C3598B /* Pods.debug.xcconfig */,
				146ED5AE64FDF88BF98F9A99 /* Pods.release.xcconfig */,
			);
			name = Pods;
			sourceTree = "<group>";
		};
/* End PBXGroup section */

/* Begin PBXNativeTarget section */
		2B1FC7591959295F00A1C6DA /* FLTest */ = {
			isa = PBXNativeTarget;
			buildConfigurationList = 2B1FC7861959295F00A1C6DA /* Build configuration list for PBXNativeTarget "FLTest" */;
			buildPhases = (
				D7E0E8A92C71A166AA3194EF /* Check Pods Manifest.lock */,
				2B1FC7561959295F00A1C6DA /* Sources */,
				2B1FC7571959295F00A1C6DA /* Frameworks */,
				2B1FC7581959295F00A1C6DA /* Resources */,
				783FDB2A6D394DEB917632D4 /* Copy Pods Resources */,
			);
			buildRules = (
			);
			dependencies = (
			);
			name = FLTest;
			productName = FLTest;
			productReference = 2B1FC75A1959295F00A1C6DA /* FLTest.app */;
			productType = "com.apple.product-type.application";
		};
/* End PBXNativeTarget section */

/* Begin PBXProject section */
		2B1FC7521959295F00A1C6DA /* Project object */ = {
			isa = PBXProject;
			attributes = {
				LastUpgradeCheck = 0510;
				ORGANIZATIONNAME = FreeLancer;
			};
			buildConfigurationList = 2B1FC7551959295F00A1C6DA /* Build configuration list for PBXProject "FLTest" */;
			compatibilityVersion = "Xcode 3.2";
			developmentRegion = English;
			hasScannedForEncodings = 0;
			knownRegions = (
				en,
			);
			mainGroup = 2B1FC7511959295F00A1C6DA;
			productRefGroup = 2B1FC75B1959295F00A1C6DA /* Products */;
			projectDirPath = "";
			projectRoot = "";
			targets = (
				2B1FC7591959295F00A1C6DA /* FLTest */,
			);
		};
/* End PBXProject section */

/* Begin PBXResourcesBuildPhase section */
		2B1FC7581959295F00A1C6DA /* Resources */ = {
			isa = PBXResourcesBuildPhase;
			buildActionMask = 2147483647;
			files = (
				2B1FC79A19592AB800A1C6DA /* MainStoryboard.storyboard in Resources */,
				2B1FC7681959295F00A1C6DA /* InfoPlist.strings in Resources */,
			);
			runOnlyForDeploymentPostprocessing = 0;
		};
/* End PBXResourcesBuildPhase section */

/* Begin PBXShellScriptBuildPhase section */
		783FDB2A6D394DEB917632D4 /* Copy Pods Resources */ = {
			isa = PBXShellScriptBuildPhase;
			buildActionMask = 2147483647;
			files = (
			);
			inputPaths = (
			);
			name = "Copy Pods Resources";
			outputPaths = (
			);
			runOnlyForDeploymentPostprocessing = 0;
			shellPath = /bin/sh;
			shellScript = "\"${SRCROOT}/Pods/Target Support Files/Pods/Pods-resources.sh\"\n";
			showEnvVarsInLog = 0;
		};
		D7E0E8A92C71A166AA3194EF /* Check Pods Manifest.lock */ = {
			isa = PBXShellScriptBuildPhase;
			buildActionMask = 2147483647;
			files = (
			);
			inputPaths = (
			);
			name = "Check Pods Manifest.lock";
			outputPaths = (
			);
			runOnlyForDeploymentPostprocessing = 0;
			shellPath = /bin/sh;
			shellScript = "diff \"${PODS_ROOT}/../Podfile.lock\" \"${PODS_ROOT}/Manifest.lock\" > /dev/null\nif [[ $? != 0 ]] ; then\n    cat << EOM\nerror: The sandbox is not in sync with the Podfile.lock. Run 'pod install' or update your CocoaPods installation.\nEOM\n    exit 1\nfi\n";
			showEnvVarsInLog = 0;
		};
/* End PBXShellScriptBuildPhase section */

/* Begin PBXSourcesBuildPhase section */
		2B1FC7561959295F00A1C6DA /* Sources */ = {
			isa = PBXSourcesBuildPhase;
			buildActionMask = 2147483647;
			files = (
				6AC44AAE1A8AF267005A62DE /* FLTDataManager.m in Sources */,
				6AC44AB11A8AFBF7005A62DE /* MovieTableViewCell.m in Sources */,
				2B1FC76E1959295F00A1C6DA /* AppDelegate.m in Sources */,
				2B1FC79819592A8A00A1C6DA /* TableViewController.m in Sources */,
				2B1FC78E19592A3B00A1C6DA /* Reachability.m in Sources */,
				2B1FC79519592A7B00A1C6DA /* Movie.m in Sources */,
				2B1FC76A1959295F00A1C6DA /* main.m in Sources */,
			);
			runOnlyForDeploymentPostprocessing = 0;
		};
/* End PBXSourcesBuildPhase section */

/* Begin PBXVariantGroup section */
		2B1FC7661959295F00A1C6DA /* InfoPlist.strings */ = {
			isa = PBXVariantGroup;
			children = (
				2B1FC7671959295F00A1C6DA /* en */,
			);
			name = InfoPlist.strings;
			sourceTree = "<group>";
		};
/* End PBXVariantGroup section */

/* Begin XCBuildConfiguration section */
		2B1FC7841959295F00A1C6DA /* Debug */ = {
			isa = XCBuildConfiguration;
			buildSettings = {
				ALWAYS_SEARCH_USER_PATHS = NO;
				CLANG_CXX_LANGUAGE_STANDARD = "gnu++0x";
				CLANG_CXX_LIBRARY = "libc++";
				CLANG_ENABLE_MODULES = YES;
				CLANG_ENABLE_OBJC_ARC = YES;
				CLANG_WARN_BOOL_CONVERSION = YES;
				CLANG_WARN_CONSTANT_CONVERSION = YES;
				CLANG_WARN_DIRECT_OBJC_ISA_USAGE = YES_ERROR;
				CLANG_WARN_EMPTY_BODY = YES;
				CLANG_WARN_ENUM_CONVERSION = YES;
				CLANG_WARN_INT_CONVERSION = YES;
				CLANG_WARN_OBJC_ROOT_CLASS = YES_ERROR;
				CLANG_WARN__DUPLICATE_METHOD_MATCH = YES;
				"CODE_SIGN_IDENTITY[sdk=iphoneos*]" = "iPhone Developer";
				COPY_PHASE_STRIP = NO;
				GCC_C_LANGUAGE_STANDARD = gnu99;
				GCC_DYNAMIC_NO_PIC = NO;
				GCC_OPTIMIZATION_LEVEL = 0;
				GCC_PREPROCESSOR_DEFINITIONS = (
					"DEBUG=1",
					"$(inherited)",
				);
				GCC_SYMBOLS_PRIVATE_EXTERN = NO;
				GCC_WARN_64_TO_32_BIT_CONVERSION = YES;
				GCC_WARN_ABOUT_RETURN_TYPE = YES_ERROR;
				GCC_WARN_UNDECLARED_SELECTOR = YES;
				GCC_WARN_UNINITIALIZED_AUTOS = YES_AGGRESSIVE;
				GCC_WARN_UNUSED_FUNCTION = YES;
				GCC_WARN_UNUSED_VARIABLE = YES;
				IPHONEOS_DEPLOYMENT_TARGET = 7.1;
				ONLY_ACTIVE_ARCH = YES;
				SDKROOT = iphoneos;
			};
			name = Debug;
		};
		2B1FC7851959295F00A1C6DA /* Release */ = {
			isa = XCBuildConfiguration;
			buildSettings = {
				ALWAYS_SEARCH_USER_PATHS = NO;
				CLANG_CXX_LANGUAGE_STANDARD = "gnu++0x";
				CLANG_CXX_LIBRARY = "libc++";
				CLANG_ENABLE_MODULES = YES;
				CLANG_ENABLE_OBJC_ARC = YES;
				CLANG_WARN_BOOL_CONVERSION = YES;
				CLANG_WARN_CONSTANT_CONVERSION = YES;
				CLANG_WARN_DIRECT_OBJC_ISA_USAGE = YES_ERROR;
				CLANG_WARN_EMPTY_BODY = YES;
				CLANG_WARN_ENUM_CONVERSION = YES;
				CLANG_WARN_INT_CONVERSION = YES;
				CLANG_WARN_OBJC_ROOT_CLASS = YES_ERROR;
				CLANG_WARN__DUPLICATE_METHOD_MATCH = YES;
				"CODE_SIGN_IDENTITY[sdk=iphoneos*]" = "iPhone Developer";
				COPY_PHASE_STRIP = YES;
				ENABLE_NS_ASSERTIONS = NO;
				GCC_C_LANGUAGE_STANDARD = gnu99;
				GCC_WARN_64_TO_32_BIT_CONVERSION = YES;
				GCC_WARN_ABOUT_RETURN_TYPE = YES_ERROR;
				GCC_WARN_UNDECLARED_SELECTOR = YES;
				GCC_WARN_UNINITIALIZED_AUTOS = YES_AGGRESSIVE;
				GCC_WARN_UNUSED_FUNCTION = YES;
				GCC_WARN_UNUSED_VARIABLE = YES;
				IPHONEOS_DEPLOYMENT_TARGET = 7.1;
				SDKROOT = iphoneos;
				VALIDATE_PRODUCT = YES;
			};
			name = Release;
		};
		2B1FC7871959295F00A1C6DA /* Debug */ = {
			isa = XCBuildConfiguration;
			baseConfigurationReference = D35985EC6C2922D655C3598B /* Pods.debug.xcconfig */;
			buildSettings = {
				ASSETCATALOG_COMPILER_APPICON_NAME = AppIcon;
				ASSETCATALOG_COMPILER_LAUNCHIMAGE_NAME = LaunchImage;
				GCC_PRECOMPILE_PREFIX_HEADER = YES;
				GCC_PREFIX_HEADER = "FLTest/FLTest-Prefix.pch";
				INFOPLIST_FILE = "FLTest/FLTest-Info.plist";
				PRODUCT_NAME = "$(TARGET_NAME)";
				WRAPPER_EXTENSION = app;
			};
			name = Debug;
		};
		2B1FC7881959295F00A1C6DA /* Release */ = {
			isa = XCBuildConfiguration;
			baseConfigurationReference = 146ED5AE64FDF88BF98F9A99 /* Pods.release.xcconfig */;
			buildSettings = {
				ASSETCATALOG_COMPILER_APPICON_NAME = AppIcon;
				ASSETCATALOG_COMPILER_LAUNCHIMAGE_NAME = LaunchImage;
				GCC_PRECOMPILE_PREFIX_HEADER = YES;
				GCC_PREFIX_HEADER = "FLTest/FLTest-Prefix.pch";
				INFOPLIST_FILE = "FLTest/FLTest-Info.plist";
				PRODUCT_NAME = "$(TARGET_NAME)";
				WRAPPER_EXTENSION = app;
			};
			name = Release;
		};
/* End XCBuildConfiguration section */

/* Begin XCConfigurationList section */
		2B1FC7551959295F00A1C6DA /* Build configuration list for PBXProject "FLTest" */ = {
			isa = XCConfigurationList;
			buildConfigurations = (
				2B1FC7841959295F00A1C6DA /* Debug */,
				2B1FC7851959295F00A1C6DA /* Release */,
			);
			defaultConfigurationIsVisible = 0;
			defaultConfigurationName = Release;
		};
		2B1FC7861959295F00A1C6DA /* Build configuration list for PBXNativeTarget "FLTest" */ = {
			isa = XCConfigurationList;
			buildConfigurations = (
				2B1FC7871959295F00A1C6DA /* Debug */,
				2B1FC7881959295F00A1C6DA /* Release */,
			);
			defaultConfigurationIsVisible = 0;
			defaultConfigurationName = Release;
		};
/* End XCConfigurationList section */
	};
	rootObject = 2B1FC7521959295F00A1C6DA /* Project object */;
}
